schema: '2.0'
stages:
  load_data:
    cmd: python3 load_data.py --config=../params.yaml
    deps:
    - path: ../data_raw/bigmart.csv
      md5: e0df0a56f3f03c084c828b29aaa0f314
      size: 869537
    - path: get_data.py
      md5: c4c9e44df3603144fbbd0ead1e86f983
      size: 764
    - path: load_data.py
      md5: 08f2e299cb03bc45649bb4839c40ec80
      size: 3746
    outs:
    - path: ../data/raw/bigmart.csv
      md5: 67aa1714c0ae6561fb2f0467dcc212dc
      size: 905991
  split_data:
    cmd: python3 split_data.py --config=../params.yaml
    deps:
    - path: ../data/raw/bigmart.csv
      md5: 67aa1714c0ae6561fb2f0467dcc212dc
      size: 905991
    - path: split_data.py
      md5: 5d53d3603dacc44563115b47c9c2bf51
      size: 1214
    outs:
    - path: ../data/processed/test_bigmart.csv
      md5: 91600aad9af05f85582e4bce06131f5a
      size: 180924
    - path: ../data/processed/train_bigmart.csv
      md5: 6f79478a1c6d40e305320c7724968bf2
      size: 725253
  train_evaluate:
    cmd: python3 train_evaluate.py --config=../params.yaml
    deps:
    - path: ../data/processed/test_bigmart.csv
      md5: 91600aad9af05f85582e4bce06131f5a
      size: 180924
    - path: ../data/processed/train_bigmart.csv
      md5: 6f79478a1c6d40e305320c7724968bf2
      size: 725253
    - path: train_evaluate.py
      md5: 70507ac5a317452fa1c7e93a5decfdff
      size: 7397
